<?xml version="1.0" encoding="utf-8"?>
<Project ToolsVersion="4.0" xmlns="http://schemas.microsoft.com/developer/msbuild/2003">
  <ItemGroup>
    <Filter Include="KamataEngine">
      <UniqueIdentifier>{4FC737F1-C7A5-4376-A066-2A32D752A2FF}</UniqueIdentifier>
      <Extensions>cpp;c;cc;cxx;c++;cppm;ixx;def;odl;idl;hpj;bat;asm;asmx</Extensions>
    </Filter>
    <Filter Include="KamataEngine\Source">
      <UniqueIdentifier>{d966e9f8-e880-44ae-8586-a08515e4cffc}</UniqueIdentifier>
    </Filter>
    <Filter Include="KamataEngine\Include">
      <UniqueIdentifier>{4aae4e40-94f7-4d32-9a91-c0c37a2edf0d}</UniqueIdentifier>
    </Filter>
    <Filter Include="KamataEngine\Adapter">
      <UniqueIdentifier>{c6468eb4-788b-4a83-b207-a5f4804e56c5}</UniqueIdentifier>
    </Filter>
    <Filter Include="Scene">
      <UniqueIdentifier>{ab523e69-013c-4c95-8bbf-88c6bd34f50d}</UniqueIdentifier>
    </Filter>
    <Filter Include="Common">
      <UniqueIdentifier>{6472385f-f971-4c97-9d06-ddb52e60c60e}</UniqueIdentifier>
    </Filter>
    <Filter Include="Scene\Common">
      <UniqueIdentifier>{8a0cc9f5-64f1-4ded-97b7-f5b07a95239f}</UniqueIdentifier>
    </Filter>
    <Filter Include="Scene\Play">
      <UniqueIdentifier>{94940d68-2247-4e01-b85e-9bca5ad0f038}</UniqueIdentifier>
    </Filter>
    <Filter Include="Scene\BigScene">
      <UniqueIdentifier>{1292b8c7-950f-41fe-84a5-b0cd36f5ae60}</UniqueIdentifier>
    </Filter>
    <Filter Include="GameObject">
      <UniqueIdentifier>{11d0654f-4138-42e8-9732-9dbbfe5b6e7e}</UniqueIdentifier>
    </Filter>
    <Filter Include="GameObject\Player">
      <UniqueIdentifier>{3a4a5141-3bab-465b-a00f-7986eac1e21d}</UniqueIdentifier>
    </Filter>
    <Filter Include="GameObject\Bullet">
      <UniqueIdentifier>{a0c82204-e615-4f50-bc0b-fd4dd5f11afc}</UniqueIdentifier>
    </Filter>
  </ItemGroup>
  <ItemGroup>
    <ClCompile Include="main.cpp" />
    <ClCompile Include="C:\KamataEngine\Adapter\Novice.cpp">
      <Filter>KamataEngine\Adapter</Filter>
    </ClCompile>
    <ClCompile Include="Sources\Common\Vector.cpp">
      <Filter>Common</Filter>
    </ClCompile>
    <ClCompile Include="Sources\Common\Polygon.cpp">
      <Filter>Common</Filter>
    </ClCompile>
    <ClCompile Include="Sources\Common\Object.cpp">
      <Filter>Common</Filter>
    </ClCompile>
    <ClCompile Include="Sources\Scene\CommonData.cpp">
      <Filter>Scene</Filter>
    </ClCompile>
    <ClCompile Include="Sources\Scene\Common\SceneManager.cpp">
      <Filter>Scene\Common</Filter>
    </ClCompile>
    <ClCompile Include="Sources\Scene\Common\Scene.cpp">
      <Filter>Scene\Common</Filter>
    </ClCompile>
    <ClCompile Include="Sources\Common\Camera.cpp">
      <Filter>Common</Filter>
    </ClCompile>
    <ClCompile Include="Sources\Scene\Play\PlayData.cpp">
      <Filter>Scene\Play</Filter>
    </ClCompile>
    <ClCompile Include="Sources\Scene\Play\Play.cpp">
      <Filter>Scene\Play</Filter>
    </ClCompile>
    <ClCompile Include="Sources\Scene\Play\PlayScene.cpp">
      <Filter>Scene\Play</Filter>
    </ClCompile>
    <ClCompile Include="Sources\Scene\Game.cpp">
      <Filter>Scene\BigScene</Filter>
    </ClCompile>
    <ClCompile Include="Sources\Scene\Title.cpp">
      <Filter>Scene\BigScene</Filter>
    </ClCompile>
    <ClCompile Include="Sources\GameObject\Player.cpp">
      <Filter>GameObject\Player</Filter>
    </ClCompile>
    <ClCompile Include="Sources\Common\SoundManager.cpp">
      <Filter>Common</Filter>
    </ClCompile>
  </ItemGroup>
  <ItemGroup>
    <ClInclude Include="C:\KamataEngine\DirectXGame\audio\Audio.h">
      <Filter>KamataEngine\Include</Filter>
    </ClInclude>
    <ClInclude Include="C:\KamataEngine\DirectXGame\2d\DebugText.h">
      <Filter>KamataEngine\Include</Filter>
    </ClInclude>
    <ClInclude Include="C:\KamataEngine\DirectXGame\base\DirectXCommon.h">
      <Filter>KamataEngine\Include</Filter>
    </ClInclude>
    <ClInclude Include="C:\KamataEngine\DirectXGame\scene\GameScene.h">
      <Filter>KamataEngine\Include</Filter>
    </ClInclude>
    <ClInclude Include="C:\KamataEngine\DirectXGame\input\Input.h">
      <Filter>KamataEngine\Include</Filter>
    </ClInclude>
    <ClInclude Include="C:\KamataEngine\DirectXGame\3d\Model.h">
      <Filter>KamataEngine\Include</Filter>
    </ClInclude>
    <ClInclude Include="C:\KamataEngine\DirectXGame\base\SafeDelete.h">
      <Filter>KamataEngine\Include</Filter>
    </ClInclude>
    <ClInclude Include="C:\KamataEngine\DirectXGame\2d\Sprite.h">
      <Filter>KamataEngine\Include</Filter>
    </ClInclude>
    <ClInclude Include="C:\KamataEngine\DirectXGame\base\TextureManager.h">
      <Filter>KamataEngine\Include</Filter>
    </ClInclude>
    <ClInclude Include="C:\KamataEngine\DirectXGame\base\WinApp.h">
      <Filter>KamataEngine\Include</Filter>
    </ClInclude>
    <ClInclude Include="C:\KamataEngine\DirectXGame\3d\WorldTransform.h">
      <Filter>KamataEngine\Include</Filter>
    </ClInclude>
    <ClInclude Include="C:\KamataEngine\Adapter\Novice.h">
      <Filter>KamataEngine\Adapter</Filter>
    </ClInclude>
    <ClInclude Include="C:\KamataEngine\DirectXGame\3d\CircleShadow.h">
      <Filter>KamataEngine\Include</Filter>
    </ClInclude>
    <ClInclude Include="C:\KamataEngine\DirectXGame\3d\DebugCamera.h">
      <Filter>KamataEngine\Include</Filter>
    </ClInclude>
    <ClInclude Include="C:\KamataEngine\DirectXGame\3d\DirectionalLight.h">
      <Filter>KamataEngine\Include</Filter>
    </ClInclude>
    <ClInclude Include="C:\KamataEngine\DirectXGame\3d\LightGroup.h">
      <Filter>KamataEngine\Include</Filter>
    </ClInclude>
    <ClInclude Include="C:\KamataEngine\DirectXGame\3d\Material.h">
      <Filter>KamataEngine\Include</Filter>
    </ClInclude>
    <ClInclude Include="C:\KamataEngine\DirectXGame\3d\Mesh.h">
      <Filter>KamataEngine\Include</Filter>
    </ClInclude>
    <ClInclude Include="C:\KamataEngine\DirectXGame\3d\PointLight.h">
      <Filter>KamataEngine\Include</Filter>
    </ClInclude>
    <ClInclude Include="C:\KamataEngine\DirectXGame\3d\SpotLight.h">
      <Filter>KamataEngine\Include</Filter>
    </ClInclude>
    <ClInclude Include="C:\KamataEngine\DirectXGame\base\StringUtility.h">
      <Filter>KamataEngine\Include</Filter>
    </ClInclude>
    <ClInclude Include="..\DirectXGame\3d\Camera.h">
      <Filter>KamataEngine\Include</Filter>
    </ClInclude>
    <ClInclude Include="C:\KamataEngine\DirectXGame\math\Matrix4x4.h">
      <Filter>KamataEngine\Include</Filter>
    </ClInclude>
    <ClInclude Include="C:\KamataEngine\DirectXGame\math\Vector2.h">
      <Filter>KamataEngine\Include</Filter>
    </ClInclude>
    <ClInclude Include="C:\KamataEngine\DirectXGame\math\Vector3.h">
      <Filter>KamataEngine\Include</Filter>
    </ClInclude>
    <ClInclude Include="C:\KamataEngine\DirectXGame\math\Vector4.h">
      <Filter>KamataEngine\Include</Filter>
    </ClInclude>
    <ClInclude Include="C:\KamataEngine\DirectXGame\2d\ImGuiManager.h">
      <Filter>KamataEngine\Include</Filter>
    </ClInclude>
    <ClInclude Include="Sources\Common\Vector.h">
      <Filter>Common</Filter>
    </ClInclude>
    <ClInclude Include="Sources\Common\Polygon.h">
      <Filter>Common</Filter>
    </ClInclude>
    <ClInclude Include="Sources\Common\Object.h">
      <Filter>Common</Filter>
    </ClInclude>
    <ClInclude Include="Sources\Scene\CommonData.h">
      <Filter>Scene</Filter>
    </ClInclude>
    <ClInclude Include="Sources\Scene\Common\SceneManager.h">
      <Filter>Scene\Common</Filter>
    </ClInclude>
    <ClInclude Include="Sources\Scene\Common\Scene.h">
      <Filter>Scene\Common</Filter>
    </ClInclude>
    <ClInclude Include="Sources\Common\Camera.h">
      <Filter>Common</Filter>
    </ClInclude>
    <ClInclude Include="Sources\Scene\Play\PlayData.h">
      <Filter>Scene\Play</Filter>
    </ClInclude>
    <ClInclude Include="Sources\Scene\Play\Play.h">
      <Filter>Scene\Play</Filter>
    </ClInclude>
    <ClInclude Include="Sources\Scene\Play\PlayScene.h">
      <Filter>Scene\Play</Filter>
    </ClInclude>
    <ClInclude Include="Sources\Scene\Game.h">
      <Filter>Scene\BigScene</Filter>
    </ClInclude>
    <ClInclude Include="Sources\Scene\Title.h">
      <Filter>Scene\BigScene</Filter>
    </ClInclude>
    <ClInclude Include="Sources\GameObject\Player.h">
      <Filter>GameObject\Player</Filter>
    </ClInclude>
    <ClInclude Include="Sources\Common\SoundManager.h">
      <Filter>Common</Filter>
    </ClInclude>
  </ItemGroup>
</Project>